
Microsoft Visual Studio Solution File, Format Version 12.00
# Visual Studio 15
VisualStudioVersion = 15.0.27130.2036
MinimumVisualStudioVersion = 10.0.40219.1
Project("{FAE04EC0-301F-11D3-BF4B-00C04F79EFBC}") = "Dijkstra", "Dijkstra\Dijkstra.csproj", "{1CA29124-72C9-4AF7-91CA-8A53031C3980}"
EndProject
Project("{FAE04EC0-301F-11D3-BF4B-00C04F79EFBC}") = "DijkstraAlgorithm", "DijkstraAlgorithm\DijkstraAlgorithm.csproj", "{1340B66A-4A2C-4039-93C0-654FB39BDDE9}"
EndProject
Global
	GlobalSection(SolutionConfigurationPlatforms) = preSolution
		Debug|Any CPU = Debug|Any CPU
		Release|Any CPU = Release|Any CPU
	EndGlobalSection
	GlobalSection(ProjectConfigurationPlatforms) = postSolution
		{1CA29124-72C9-4AF7-91CA-8A53031C3980}.Debug|Any CPU.ActiveCfg = Debug|Any CPU
		{1CA29124-72C9-4AF7-91CA-8A53031C3980}.Debug|Any CPU.Build.0 = Debug|Any CPU
		{1CA29124-72C9-4AF7-91CA-8A53031C3980}.Release|Any CPU.ActiveCfg = Release|Any CPU
		{1CA29124-72C9-4AF7-91CA-8A53031C3980}.Release|Any CPU.Build.0 = Release|Any CPU
		{1340B66A-4A2C-4039-93C0-654FB39BDDE9}.Debug|Any CPU.ActiveCfg = Debug|Any CPU
		{1340B66A-4A2C-4039-93C0-654FB39BDDE9}.Debug|Any CPU.Build.0 = Debug|Any CPU
		{1340B66A-4A2C-4039-93C0-654FB39BDDE9}.Release|Any CPU.ActiveCfg = Release|Any CPU
		{1340B66A-4A2C-4039-93C0-654FB39BDDE9}.Release|Any CPU.Build.0 = Release|Any CPU
	EndGlobalSection
	GlobalSection(SolutionProperties) = preSolution
		HideSolutionNode = FALSE
	EndGlobalSection
	GlobalSection(ExtensibilityGlobals) = postSolution
		SolutionGuid = {4752C015-0519-4506-8998-D9D975020ECB}
	EndGlobalSection
	GlobalSection(TeamFoundationVersionControl) = preSolution
		SccNumberOfProjects = 3
		SccEnterpriseProvider = {4CA58AB2-18FA-4F8D-95D4-32DDF27D184C}
		SccTeamFoundationServer = https://ngotrung.visualstudio.com/
		SccLocalPath0 = .
		SccProjectUniqueName1 = Dijkstra\\Dijkstra.csproj
		SccProjectName1 = Dijkstra
		SccLocalPath1 = Dijkstra
		SccProjectUniqueName2 = DijkstraAlgorithm\\DijkstraAlgorithm.csproj
		SccProjectName2 = DijkstraAlgorithm
		SccLocalPath2 = DijkstraAlgorithm
	EndGlobalSection
EndGlobal
