
Microsoft Visual Studio Solution File, Format Version 12.00
# Visual Studio 15
VisualStudioVersion = 15.0.27428.2011
MinimumVisualStudioVersion = 10.0.40219.1
Project("{FAE04EC0-301F-11D3-BF4B-00C04F79EFBC}") = "Kruskal", "Kruskal\Kruskal.csproj", "{89047AC9-F84F-4F2F-92D0-BA0CB511829D}"
EndProject
Project("{FAE04EC0-301F-11D3-BF4B-00C04F79EFBC}") = "KruskalLib", "KruskalLib\KruskalLib.csproj", "{710270F5-DA5E-4EA6-A114-20B6835099F7}"
EndProject
Global
	GlobalSection(SolutionConfigurationPlatforms) = preSolution
		Debug|Any CPU = Debug|Any CPU
		Release|Any CPU = Release|Any CPU
	EndGlobalSection
	GlobalSection(ProjectConfigurationPlatforms) = postSolution
		{89047AC9-F84F-4F2F-92D0-BA0CB511829D}.Debug|Any CPU.ActiveCfg = Debug|Any CPU
		{89047AC9-F84F-4F2F-92D0-BA0CB511829D}.Debug|Any CPU.Build.0 = Debug|Any CPU
		{89047AC9-F84F-4F2F-92D0-BA0CB511829D}.Release|Any CPU.ActiveCfg = Release|Any CPU
		{89047AC9-F84F-4F2F-92D0-BA0CB511829D}.Release|Any CPU.Build.0 = Release|Any CPU
		{710270F5-DA5E-4EA6-A114-20B6835099F7}.Debug|Any CPU.ActiveCfg = Debug|Any CPU
		{710270F5-DA5E-4EA6-A114-20B6835099F7}.Debug|Any CPU.Build.0 = Debug|Any CPU
		{710270F5-DA5E-4EA6-A114-20B6835099F7}.Release|Any CPU.ActiveCfg = Release|Any CPU
		{710270F5-DA5E-4EA6-A114-20B6835099F7}.Release|Any CPU.Build.0 = Release|Any CPU
	EndGlobalSection
	GlobalSection(SolutionProperties) = preSolution
		HideSolutionNode = FALSE
	EndGlobalSection
	GlobalSection(ExtensibilityGlobals) = postSolution
		SolutionGuid = {16CD068D-8827-4CA8-BA46-285F2D029E3F}
	EndGlobalSection
	GlobalSection(TeamFoundationVersionControl) = preSolution
		SccNumberOfProjects = 3
		SccEnterpriseProvider = {4CA58AB2-18FA-4F8D-95D4-32DDF27D184C}
		SccTeamFoundationServer = https://ngotrung.visualstudio.com/
		SccLocalPath0 = .
		SccProjectUniqueName1 = Kruskal\\Kruskal.csproj
		SccProjectName1 = Kruskal
		SccLocalPath1 = Kruskal
		SccProjectUniqueName2 = KruskalLib\\KruskalLib.csproj
		SccProjectName2 = KruskalLib
		SccLocalPath2 = KruskalLib
	EndGlobalSection
EndGlobal
